
Microsoft Visual Studio Solution File, Format Version 12.00
# Visual Studio Version 17
VisualStudioVersion = 17.14.36429.23
MinimumVisualStudioVersion = 10.0.40219.1
Project("{FAE04EC0-301F-11D3-BF4B-00C04F79EFBC}") = "bai01", "baiTapThucHanhLab02\bai01.csproj", "{4435FFFA-E336-4CCC-A82E-ECAF47298B69}"
EndProject
Project("{FAE04EC0-301F-11D3-BF4B-00C04F79EFBC}") = "bai03", "bai03\bai03.csproj", "{34D1BD4B-A396-436A-829D-AC925375B574}"
EndProject
Project("{FAE04EC0-301F-11D3-BF4B-00C04F79EFBC}") = "bai04", "bai04\bai04.csproj", "{84808A7E-DB45-471F-9D97-44D8FAE48B4F}"
EndProject
Project("{FAE04EC0-301F-11D3-BF4B-00C04F79EFBC}") = "bai05", "bai05\bai05.csproj", "{7452AD89-1ECC-4F0C-8EF6-01C5361C82C2}"
EndProject
Project("{FAE04EC0-301F-11D3-BF4B-00C04F79EFBC}") = "bai02", "bai02\bai02.csproj", "{6AB65515-2135-4E1E-B1F7-CDEFE7AB6DEE}"
EndProject
Global
	GlobalSection(SolutionConfigurationPlatforms) = preSolution
		Debug|Any CPU = Debug|Any CPU
		Release|Any CPU = Release|Any CPU
	EndGlobalSection
	GlobalSection(ProjectConfigurationPlatforms) = postSolution
		{4435FFFA-E336-4CCC-A82E-ECAF47298B69}.Debug|Any CPU.ActiveCfg = Debug|Any CPU
		{4435FFFA-E336-4CCC-A82E-ECAF47298B69}.Debug|Any CPU.Build.0 = Debug|Any CPU
		{4435FFFA-E336-4CCC-A82E-ECAF47298B69}.Release|Any CPU.ActiveCfg = Release|Any CPU
		{4435FFFA-E336-4CCC-A82E-ECAF47298B69}.Release|Any CPU.Build.0 = Release|Any CPU
		{34D1BD4B-A396-436A-829D-AC925375B574}.Debug|Any CPU.ActiveCfg = Debug|Any CPU
		{34D1BD4B-A396-436A-829D-AC925375B574}.Debug|Any CPU.Build.0 = Debug|Any CPU
		{34D1BD4B-A396-436A-829D-AC925375B574}.Release|Any CPU.ActiveCfg = Release|Any CPU
		{34D1BD4B-A396-436A-829D-AC925375B574}.Release|Any CPU.Build.0 = Release|Any CPU
		{84808A7E-DB45-471F-9D97-44D8FAE48B4F}.Debug|Any CPU.ActiveCfg = Debug|Any CPU
		{84808A7E-DB45-471F-9D97-44D8FAE48B4F}.Debug|Any CPU.Build.0 = Debug|Any CPU
		{84808A7E-DB45-471F-9D97-44D8FAE48B4F}.Release|Any CPU.ActiveCfg = Release|Any CPU
		{84808A7E-DB45-471F-9D97-44D8FAE48B4F}.Release|Any CPU.Build.0 = Release|Any CPU
		{7452AD89-1ECC-4F0C-8EF6-01C5361C82C2}.Debug|Any CPU.ActiveCfg = Debug|Any CPU
		{7452AD89-1ECC-4F0C-8EF6-01C5361C82C2}.Debug|Any CPU.Build.0 = Debug|Any CPU
		{7452AD89-1ECC-4F0C-8EF6-01C5361C82C2}.Release|Any CPU.ActiveCfg = Release|Any CPU
		{7452AD89-1ECC-4F0C-8EF6-01C5361C82C2}.Release|Any CPU.Build.0 = Release|Any CPU
		{6AB65515-2135-4E1E-B1F7-CDEFE7AB6DEE}.Debug|Any CPU.ActiveCfg = Debug|Any CPU
		{6AB65515-2135-4E1E-B1F7-CDEFE7AB6DEE}.Debug|Any CPU.Build.0 = Debug|Any CPU
		{6AB65515-2135-4E1E-B1F7-CDEFE7AB6DEE}.Release|Any CPU.ActiveCfg = Release|Any CPU
		{6AB65515-2135-4E1E-B1F7-CDEFE7AB6DEE}.Release|Any CPU.Build.0 = Release|Any CPU
	EndGlobalSection
	GlobalSection(SolutionProperties) = preSolution
		HideSolutionNode = FALSE
	EndGlobalSection
	GlobalSection(ExtensibilityGlobals) = postSolution
		SolutionGuid = {EFA012BE-2CD1-4535-B811-68DE0627761D}
	EndGlobalSection
EndGlobal
